
Microsoft Visual Studio Solution File, Format Version 12.00
# Visual Studio Version 17
VisualStudioVersion = 17.10.35027.167
MinimumVisualStudioVersion = 10.0.40219.1
Project("{FAE04EC0-301F-11D3-BF4B-00C04F79EFBC}") = "AesEncription", "AesEncription\AesEncription.csproj", "{5DE76FBD-B82D-4B2B-856A-7A33FC6E72B3}"
EndProject
Global
	GlobalSection(SolutionConfigurationPlatforms) = preSolution
		Debug|Any CPU = Debug|Any CPU
		Release|Any CPU = Release|Any CPU
	EndGlobalSection
	GlobalSection(ProjectConfigurationPlatforms) = postSolution
		{5DE76FBD-B82D-4B2B-856A-7A33FC6E72B3}.Debug|Any CPU.ActiveCfg = Debug|Any CPU
		{5DE76FBD-B82D-4B2B-856A-7A33FC6E72B3}.Debug|Any CPU.Build.0 = Debug|Any CPU
		{5DE76FBD-B82D-4B2B-856A-7A33FC6E72B3}.Release|Any CPU.ActiveCfg = Release|Any CPU
		{5DE76FBD-B82D-4B2B-856A-7A33FC6E72B3}.Release|Any CPU.Build.0 = Release|Any CPU
	EndGlobalSection
	GlobalSection(SolutionProperties) = preSolution
		HideSolutionNode = FALSE
	EndGlobalSection
	GlobalSection(ExtensibilityGlobals) = postSolution
		SolutionGuid = {DA85589F-C6C9-4B7D-8EFF-7196E1299BDD}
	EndGlobalSection
EndGlobal
